
Microsoft Visual Studio Solution File, Format Version 12.00
# Visual Studio 15
Project("{FAE04EC0-301F-11D3-BF4B-00C04F79EFBC}") = "UnityEngine.TestRunner", "UnityEngine.TestRunner.csproj", "{0CBF2402-90EB-E687-A74F-CFD2094DC5A0}"
EndProject
Project("{FAE04EC0-301F-11D3-BF4B-00C04F79EFBC}") = "Unity.Mathematics", "Unity.Mathematics.csproj", "{18272E7B-2CF4-B6A2-87E8-8E31A976AF11}"
EndProject
Project("{FAE04EC0-301F-11D3-BF4B-00C04F79EFBC}") = "Unity.2D.Animation.Triangle.Runtime", "Unity.2D.Animation.Triangle.Runtime.csproj", "{053BB1E6-4177-EE7C-A663-E6A5F3DE009C}"
EndProject
Project("{FAE04EC0-301F-11D3-BF4B-00C04F79EFBC}") = "Unity.Timeline", "Unity.Timeline.csproj", "{D026B6BB-A0F0-CC3F-631A-362E26278737}"
EndProject
Project("{FAE04EC0-301F-11D3-BF4B-00C04F79EFBC}") = "UnityEngine.UI", "UnityEngine.UI.csproj", "{C4240E5C-5C0D-9940-4511-D65920DB85ED}"
EndProject
Project("{FAE04EC0-301F-11D3-BF4B-00C04F79EFBC}") = "Unity.TextMeshPro", "Unity.TextMeshPro.csproj", "{B0EBD141-B784-01CC-EB6B-EAFA5DF6E90E}"
EndProject
Project("{FAE04EC0-301F-11D3-BF4B-00C04F79EFBC}") = "Unity.2D.Animation.Runtime", "Unity.2D.Animation.Runtime.csproj", "{48920C28-0B45-BABC-70B2-521121D7686D}"
EndProject
Project("{FAE04EC0-301F-11D3-BF4B-00C04F79EFBC}") = "Unity.2D.IK.Runtime", "Unity.2D.IK.Runtime.csproj", "{753D742F-4A3E-EF9C-5833-DE16AAA7FAF1}"
EndProject
Project("{FAE04EC0-301F-11D3-BF4B-00C04F79EFBC}") = "Unity.2D.SpriteShape.Runtime", "Unity.2D.SpriteShape.Runtime.csproj", "{9A51EE40-1302-9B50-1C75-931FD47943CC}"
EndProject
Project("{FAE04EC0-301F-11D3-BF4B-00C04F79EFBC}") = "Unity.2D.PixelPerfect", "Unity.2D.PixelPerfect.csproj", "{3E0A51E4-494A-E15A-28EF-77E1BB3EF491}"
EndProject
Project("{FAE04EC0-301F-11D3-BF4B-00C04F79EFBC}") = "Assembly-CSharp", "Assembly-CSharp.csproj", "{693F9E3F-B056-5E29-7FB9-127B746750F0}"
EndProject
Project("{FAE04EC0-301F-11D3-BF4B-00C04F79EFBC}") = "Unity.2D.Common.Runtime", "Unity.2D.Common.Runtime.csproj", "{327E9E5A-920D-1661-57C5-A33CDF540B92}"
EndProject
Project("{FAE04EC0-301F-11D3-BF4B-00C04F79EFBC}") = "Unity.InternalAPIEngineBridge.001", "Unity.InternalAPIEngineBridge.001.csproj", "{3760AEAE-0A6E-A36A-6B98-3C3895788CE6}"
EndProject
Project("{FAE04EC0-301F-11D3-BF4B-00C04F79EFBC}") = "UnityEditor.TestRunner", "UnityEditor.TestRunner.csproj", "{EE9D0A12-2FE7-A61B-E169-7445B59DE37D}"
EndProject
Project("{FAE04EC0-301F-11D3-BF4B-00C04F79EFBC}") = "Unity.PlasticSCM.Editor", "Unity.PlasticSCM.Editor.csproj", "{3BB37731-8608-80D8-FE10-95DB92A3937B}"
EndProject
Project("{FAE04EC0-301F-11D3-BF4B-00C04F79EFBC}") = "UnityEditor.UI", "UnityEditor.UI.csproj", "{5D5310AA-0C21-F2FE-699F-C98087E3AE58}"
EndProject
Project("{FAE04EC0-301F-11D3-BF4B-00C04F79EFBC}") = "Unity.Timeline.Editor", "Unity.Timeline.Editor.csproj", "{12469266-60D8-4C06-824F-B90CEA13782F}"
EndProject
Project("{FAE04EC0-301F-11D3-BF4B-00C04F79EFBC}") = "Unity.VisualStudio.Editor", "Unity.VisualStudio.Editor.csproj", "{0E53BDC9-CCB2-469C-7A98-C911C0438BBD}"
EndProject
Project("{FAE04EC0-301F-11D3-BF4B-00C04F79EFBC}") = "Unity.2D.Psdimporter.Editor", "Unity.2D.Psdimporter.Editor.csproj", "{8E718749-15E8-809C-1642-A1F80AD97C38}"
EndProject
Project("{FAE04EC0-301F-11D3-BF4B-00C04F79EFBC}") = "Unity.2D.Animation.Editor", "Unity.2D.Animation.Editor.csproj", "{1F834AED-6B1E-7F55-3431-50927D56B8AB}"
EndProject
Project("{FAE04EC0-301F-11D3-BF4B-00C04F79EFBC}") = "Unity.TextMeshPro.Editor", "Unity.TextMeshPro.Editor.csproj", "{4DA2FA29-A6EB-78B8-CB66-58614A2AA503}"
EndProject
Project("{FAE04EC0-301F-11D3-BF4B-00C04F79EFBC}") = "Unity.2D.SpriteShape.Editor", "Unity.2D.SpriteShape.Editor.csproj", "{AB7232CF-9BD8-8840-E70D-A94E43909E53}"
EndProject
Project("{FAE04EC0-301F-11D3-BF4B-00C04F79EFBC}") = "Unity.CollabProxy.Editor", "Unity.CollabProxy.Editor.csproj", "{B74A2D94-BD85-026F-F644-8E73250B84B5}"
EndProject
Project("{FAE04EC0-301F-11D3-BF4B-00C04F79EFBC}") = "PsdPlugin", "PsdPlugin.csproj", "{AB6E6141-9FEE-6E08-5C6F-F8C1BD29D562}"
EndProject
Project("{FAE04EC0-301F-11D3-BF4B-00C04F79EFBC}") = "Unity.2D.Path.Editor", "Unity.2D.Path.Editor.csproj", "{3B9785A4-E74E-3719-6FA9-DEBA1A3C02C5}"
EndProject
Project("{FAE04EC0-301F-11D3-BF4B-00C04F79EFBC}") = "Unity.Rider.Editor", "Unity.Rider.Editor.csproj", "{486C4F2F-0AA2-873A-DD0D-016F341A3BC9}"
EndProject
Project("{FAE04EC0-301F-11D3-BF4B-00C04F79EFBC}") = "Unity.2D.IK.Editor", "Unity.2D.IK.Editor.csproj", "{E583F7AA-62BE-DE08-7ABE-CCFFF6390E0A}"
EndProject
Project("{FAE04EC0-301F-11D3-BF4B-00C04F79EFBC}") = "Unity.2D.Sprite.Editor", "Unity.2D.Sprite.Editor.csproj", "{823A2946-3F06-30CC-5825-1CE231073553}"
EndProject
Project("{FAE04EC0-301F-11D3-BF4B-00C04F79EFBC}") = "Unity.2D.Tilemap.Editor", "Unity.2D.Tilemap.Editor.csproj", "{83431993-6144-DDCA-73E4-10176A35BCB5}"
EndProject
Project("{FAE04EC0-301F-11D3-BF4B-00C04F79EFBC}") = "Unity.2D.PixelPerfect.Editor", "Unity.2D.PixelPerfect.Editor.csproj", "{DD58C15A-0D38-CB05-66E5-64FC340F6CEA}"
EndProject
Project("{FAE04EC0-301F-11D3-BF4B-00C04F79EFBC}") = "Unity.VSCode.Editor", "Unity.VSCode.Editor.csproj", "{652305C8-08E9-7B84-8538-2F8C708F3A98}"
EndProject
Project("{FAE04EC0-301F-11D3-BF4B-00C04F79EFBC}") = "Unity.2D.Common.Editor", "Unity.2D.Common.Editor.csproj", "{A35727BC-B1F9-5773-310C-BC033DC71570}"
EndProject
Project("{FAE04EC0-301F-11D3-BF4B-00C04F79EFBC}") = "Unity.Mathematics.Editor", "Unity.Mathematics.Editor.csproj", "{A62C1AA5-C08B-A7B5-3344-964CDF1C3A52}"
EndProject
Project("{FAE04EC0-301F-11D3-BF4B-00C04F79EFBC}") = "Unity.InternalAPIEditorBridge.001", "Unity.InternalAPIEditorBridge.001.csproj", "{7221450E-2DA2-4EEE-FC53-72F48729E05D}"
EndProject
Global
	GlobalSection(SolutionConfigurationPlatforms) = preSolution
		Debug|Any CPU = Debug|Any CPU
		Release|Any CPU = Release|Any CPU
	EndGlobalSection
	GlobalSection(ProjectConfigurationPlatforms) = postSolution
		{0CBF2402-90EB-E687-A74F-CFD2094DC5A0}.Debug|Any CPU.ActiveCfg = Debug|Any CPU
		{0CBF2402-90EB-E687-A74F-CFD2094DC5A0}.Debug|Any CPU.Build.0 = Debug|Any CPU
		{0CBF2402-90EB-E687-A74F-CFD2094DC5A0}.Release|Any CPU.ActiveCfg = Release|Any CPU
		{0CBF2402-90EB-E687-A74F-CFD2094DC5A0}.Release|Any CPU.Build.0 = Release|Any CPU
		{18272E7B-2CF4-B6A2-87E8-8E31A976AF11}.Debug|Any CPU.ActiveCfg = Debug|Any CPU
		{18272E7B-2CF4-B6A2-87E8-8E31A976AF11}.Debug|Any CPU.Build.0 = Debug|Any CPU
		{18272E7B-2CF4-B6A2-87E8-8E31A976AF11}.Release|Any CPU.ActiveCfg = Release|Any CPU
		{18272E7B-2CF4-B6A2-87E8-8E31A976AF11}.Release|Any CPU.Build.0 = Release|Any CPU
		{053BB1E6-4177-EE7C-A663-E6A5F3DE009C}.Debug|Any CPU.ActiveCfg = Debug|Any CPU
		{053BB1E6-4177-EE7C-A663-E6A5F3DE009C}.Debug|Any CPU.Build.0 = Debug|Any CPU
		{053BB1E6-4177-EE7C-A663-E6A5F3DE009C}.Release|Any CPU.ActiveCfg = Release|Any CPU
		{053BB1E6-4177-EE7C-A663-E6A5F3DE009C}.Release|Any CPU.Build.0 = Release|Any CPU
		{D026B6BB-A0F0-CC3F-631A-362E26278737}.Debug|Any CPU.ActiveCfg = Debug|Any CPU
		{D026B6BB-A0F0-CC3F-631A-362E26278737}.Debug|Any CPU.Build.0 = Debug|Any CPU
		{D026B6BB-A0F0-CC3F-631A-362E26278737}.Release|Any CPU.ActiveCfg = Release|Any CPU
		{D026B6BB-A0F0-CC3F-631A-362E26278737}.Release|Any CPU.Build.0 = Release|Any CPU
		{C4240E5C-5C0D-9940-4511-D65920DB85ED}.Debug|Any CPU.ActiveCfg = Debug|Any CPU
		{C4240E5C-5C0D-9940-4511-D65920DB85ED}.Debug|Any CPU.Build.0 = Debug|Any CPU
		{C4240E5C-5C0D-9940-4511-D65920DB85ED}.Release|Any CPU.ActiveCfg = Release|Any CPU
		{C4240E5C-5C0D-9940-4511-D65920DB85ED}.Release|Any CPU.Build.0 = Release|Any CPU
		{B0EBD141-B784-01CC-EB6B-EAFA5DF6E90E}.Debug|Any CPU.ActiveCfg = Debug|Any CPU
		{B0EBD141-B784-01CC-EB6B-EAFA5DF6E90E}.Debug|Any CPU.Build.0 = Debug|Any CPU
		{B0EBD141-B784-01CC-EB6B-EAFA5DF6E90E}.Release|Any CPU.ActiveCfg = Release|Any CPU
		{B0EBD141-B784-01CC-EB6B-EAFA5DF6E90E}.Release|Any CPU.Build.0 = Release|Any CPU
		{48920C28-0B45-BABC-70B2-521121D7686D}.Debug|Any CPU.ActiveCfg = Debug|Any CPU
		{48920C28-0B45-BABC-70B2-521121D7686D}.Debug|Any CPU.Build.0 = Debug|Any CPU
		{48920C28-0B45-BABC-70B2-521121D7686D}.Release|Any CPU.ActiveCfg = Release|Any CPU
		{48920C28-0B45-BABC-70B2-521121D7686D}.Release|Any CPU.Build.0 = Release|Any CPU
		{753D742F-4A3E-EF9C-5833-DE16AAA7FAF1}.Debug|Any CPU.ActiveCfg = Debug|Any CPU
		{753D742F-4A3E-EF9C-5833-DE16AAA7FAF1}.Debug|Any CPU.Build.0 = Debug|Any CPU
		{753D742F-4A3E-EF9C-5833-DE16AAA7FAF1}.Release|Any CPU.ActiveCfg = Release|Any CPU
		{753D742F-4A3E-EF9C-5833-DE16AAA7FAF1}.Release|Any CPU.Build.0 = Release|Any CPU
		{9A51EE40-1302-9B50-1C75-931FD47943CC}.Debug|Any CPU.ActiveCfg = Debug|Any CPU
		{9A51EE40-1302-9B50-1C75-931FD47943CC}.Debug|Any CPU.Build.0 = Debug|Any CPU
		{9A51EE40-1302-9B50-1C75-931FD47943CC}.Release|Any CPU.ActiveCfg = Release|Any CPU
		{9A51EE40-1302-9B50-1C75-931FD47943CC}.Release|Any CPU.Build.0 = Release|Any CPU
		{3E0A51E4-494A-E15A-28EF-77E1BB3EF491}.Debug|Any CPU.ActiveCfg = Debug|Any CPU
		{3E0A51E4-494A-E15A-28EF-77E1BB3EF491}.Debug|Any CPU.Build.0 = Debug|Any CPU
		{3E0A51E4-494A-E15A-28EF-77E1BB3EF491}.Release|Any CPU.ActiveCfg = Release|Any CPU
		{3E0A51E4-494A-E15A-28EF-77E1BB3EF491}.Release|Any CPU.Build.0 = Release|Any CPU
		{693F9E3F-B056-5E29-7FB9-127B746750F0}.Debug|Any CPU.ActiveCfg = Debug|Any CPU
		{693F9E3F-B056-5E29-7FB9-127B746750F0}.Debug|Any CPU.Build.0 = Debug|Any CPU
		{693F9E3F-B056-5E29-7FB9-127B746750F0}.Release|Any CPU.ActiveCfg = Release|Any CPU
		{693F9E3F-B056-5E29-7FB9-127B746750F0}.Release|Any CPU.Build.0 = Release|Any CPU
		{327E9E5A-920D-1661-57C5-A33CDF540B92}.Debug|Any CPU.ActiveCfg = Debug|Any CPU
		{327E9E5A-920D-1661-57C5-A33CDF540B92}.Debug|Any CPU.Build.0 = Debug|Any CPU
		{327E9E5A-920D-1661-57C5-A33CDF540B92}.Release|Any CPU.ActiveCfg = Release|Any CPU
		{327E9E5A-920D-1661-57C5-A33CDF540B92}.Release|Any CPU.Build.0 = Release|Any CPU
		{3760AEAE-0A6E-A36A-6B98-3C3895788CE6}.Debug|Any CPU.ActiveCfg = Debug|Any CPU
		{3760AEAE-0A6E-A36A-6B98-3C3895788CE6}.Debug|Any CPU.Build.0 = Debug|Any CPU
		{3760AEAE-0A6E-A36A-6B98-3C3895788CE6}.Release|Any CPU.ActiveCfg = Release|Any CPU
		{3760AEAE-0A6E-A36A-6B98-3C3895788CE6}.Release|Any CPU.Build.0 = Release|Any CPU
		{EE9D0A12-2FE7-A61B-E169-7445B59DE37D}.Debug|Any CPU.ActiveCfg = Debug|Any CPU
		{EE9D0A12-2FE7-A61B-E169-7445B59DE37D}.Debug|Any CPU.Build.0 = Debug|Any CPU
		{EE9D0A12-2FE7-A61B-E169-7445B59DE37D}.Release|Any CPU.ActiveCfg = Release|Any CPU
		{EE9D0A12-2FE7-A61B-E169-7445B59DE37D}.Release|Any CPU.Build.0 = Release|Any CPU
		{3BB37731-8608-80D8-FE10-95DB92A3937B}.Debug|Any CPU.ActiveCfg = Debug|Any CPU
		{3BB37731-8608-80D8-FE10-95DB92A3937B}.Debug|Any CPU.Build.0 = Debug|Any CPU
		{3BB37731-8608-80D8-FE10-95DB92A3937B}.Release|Any CPU.ActiveCfg = Release|Any CPU
		{3BB37731-8608-80D8-FE10-95DB92A3937B}.Release|Any CPU.Build.0 = Release|Any CPU
		{5D5310AA-0C21-F2FE-699F-C98087E3AE58}.Debug|Any CPU.ActiveCfg = Debug|Any CPU
		{5D5310AA-0C21-F2FE-699F-C98087E3AE58}.Debug|Any CPU.Build.0 = Debug|Any CPU
		{5D5310AA-0C21-F2FE-699F-C98087E3AE58}.Release|Any CPU.ActiveCfg = Release|Any CPU
		{5D5310AA-0C21-F2FE-699F-C98087E3AE58}.Release|Any CPU.Build.0 = Release|Any CPU
		{12469266-60D8-4C06-824F-B90CEA13782F}.Debug|Any CPU.ActiveCfg = Debug|Any CPU
		{12469266-60D8-4C06-824F-B90CEA13782F}.Debug|Any CPU.Build.0 = Debug|Any CPU
		{12469266-60D8-4C06-824F-B90CEA13782F}.Release|Any CPU.ActiveCfg = Release|Any CPU
		{12469266-60D8-4C06-824F-B90CEA13782F}.Release|Any CPU.Build.0 = Release|Any CPU
		{0E53BDC9-CCB2-469C-7A98-C911C0438BBD}.Debug|Any CPU.ActiveCfg = Debug|Any CPU
		{0E53BDC9-CCB2-469C-7A98-C911C0438BBD}.Debug|Any CPU.Build.0 = Debug|Any CPU
		{0E53BDC9-CCB2-469C-7A98-C911C0438BBD}.Release|Any CPU.ActiveCfg = Release|Any CPU
		{0E53BDC9-CCB2-469C-7A98-C911C0438BBD}.Release|Any CPU.Build.0 = Release|Any CPU
		{8E718749-15E8-809C-1642-A1F80AD97C38}.Debug|Any CPU.ActiveCfg = Debug|Any CPU
		{8E718749-15E8-809C-1642-A1F80AD97C38}.Debug|Any CPU.Build.0 = Debug|Any CPU
		{8E718749-15E8-809C-1642-A1F80AD97C38}.Release|Any CPU.ActiveCfg = Release|Any CPU
		{8E718749-15E8-809C-1642-A1F80AD97C38}.Release|Any CPU.Build.0 = Release|Any CPU
		{1F834AED-6B1E-7F55-3431-50927D56B8AB}.Debug|Any CPU.ActiveCfg = Debug|Any CPU
		{1F834AED-6B1E-7F55-3431-50927D56B8AB}.Debug|Any CPU.Build.0 = Debug|Any CPU
		{1F834AED-6B1E-7F55-3431-50927D56B8AB}.Release|Any CPU.ActiveCfg = Release|Any CPU
		{1F834AED-6B1E-7F55-3431-50927D56B8AB}.Release|Any CPU.Build.0 = Release|Any CPU
		{4DA2FA29-A6EB-78B8-CB66-58614A2AA503}.Debug|Any CPU.ActiveCfg = Debug|Any CPU
		{4DA2FA29-A6EB-78B8-CB66-58614A2AA503}.Debug|Any CPU.Build.0 = Debug|Any CPU
		{4DA2FA29-A6EB-78B8-CB66-58614A2AA503}.Release|Any CPU.ActiveCfg = Release|Any CPU
		{4DA2FA29-A6EB-78B8-CB66-58614A2AA503}.Release|Any CPU.Build.0 = Release|Any CPU
		{AB7232CF-9BD8-8840-E70D-A94E43909E53}.Debug|Any CPU.ActiveCfg = Debug|Any CPU
		{AB7232CF-9BD8-8840-E70D-A94E43909E53}.Debug|Any CPU.Build.0 = Debug|Any CPU
		{AB7232CF-9BD8-8840-E70D-A94E43909E53}.Release|Any CPU.ActiveCfg = Release|Any CPU
		{AB7232CF-9BD8-8840-E70D-A94E43909E53}.Release|Any CPU.Build.0 = Release|Any CPU
		{B74A2D94-BD85-026F-F644-8E73250B84B5}.Debug|Any CPU.ActiveCfg = Debug|Any CPU
		{B74A2D94-BD85-026F-F644-8E73250B84B5}.Debug|Any CPU.Build.0 = Debug|Any CPU
		{B74A2D94-BD85-026F-F644-8E73250B84B5}.Release|Any CPU.ActiveCfg = Release|Any CPU
		{B74A2D94-BD85-026F-F644-8E73250B84B5}.Release|Any CPU.Build.0 = Release|Any CPU
		{AB6E6141-9FEE-6E08-5C6F-F8C1BD29D562}.Debug|Any CPU.ActiveCfg = Debug|Any CPU
		{AB6E6141-9FEE-6E08-5C6F-F8C1BD29D562}.Debug|Any CPU.Build.0 = Debug|Any CPU
		{AB6E6141-9FEE-6E08-5C6F-F8C1BD29D562}.Release|Any CPU.ActiveCfg = Release|Any CPU
		{AB6E6141-9FEE-6E08-5C6F-F8C1BD29D562}.Release|Any CPU.Build.0 = Release|Any CPU
		{3B9785A4-E74E-3719-6FA9-DEBA1A3C02C5}.Debug|Any CPU.ActiveCfg = Debug|Any CPU
		{3B9785A4-E74E-3719-6FA9-DEBA1A3C02C5}.Debug|Any CPU.Build.0 = Debug|Any CPU
		{3B9785A4-E74E-3719-6FA9-DEBA1A3C02C5}.Release|Any CPU.ActiveCfg = Release|Any CPU
		{3B9785A4-E74E-3719-6FA9-DEBA1A3C02C5}.Release|Any CPU.Build.0 = Release|Any CPU
		{486C4F2F-0AA2-873A-DD0D-016F341A3BC9}.Debug|Any CPU.ActiveCfg = Debug|Any CPU
		{486C4F2F-0AA2-873A-DD0D-016F341A3BC9}.Debug|Any CPU.Build.0 = Debug|Any CPU
		{486C4F2F-0AA2-873A-DD0D-016F341A3BC9}.Release|Any CPU.ActiveCfg = Release|Any CPU
		{486C4F2F-0AA2-873A-DD0D-016F341A3BC9}.Release|Any CPU.Build.0 = Release|Any CPU
		{E583F7AA-62BE-DE08-7ABE-CCFFF6390E0A}.Debug|Any CPU.ActiveCfg = Debug|Any CPU
		{E583F7AA-62BE-DE08-7ABE-CCFFF6390E0A}.Debug|Any CPU.Build.0 = Debug|Any CPU
		{E583F7AA-62BE-DE08-7ABE-CCFFF6390E0A}.Release|Any CPU.ActiveCfg = Release|Any CPU
		{E583F7AA-62BE-DE08-7ABE-CCFFF6390E0A}.Release|Any CPU.Build.0 = Release|Any CPU
		{823A2946-3F06-30CC-5825-1CE231073553}.Debug|Any CPU.ActiveCfg = Debug|Any CPU
		{823A2946-3F06-30CC-5825-1CE231073553}.Debug|Any CPU.Build.0 = Debug|Any CPU
		{823A2946-3F06-30CC-5825-1CE231073553}.Release|Any CPU.ActiveCfg = Release|Any CPU
		{823A2946-3F06-30CC-5825-1CE231073553}.Release|Any CPU.Build.0 = Release|Any CPU
		{83431993-6144-DDCA-73E4-10176A35BCB5}.Debug|Any CPU.ActiveCfg = Debug|Any CPU
		{83431993-6144-DDCA-73E4-10176A35BCB5}.Debug|Any CPU.Build.0 = Debug|Any CPU
		{83431993-6144-DDCA-73E4-10176A35BCB5}.Release|Any CPU.ActiveCfg = Release|Any CPU
		{83431993-6144-DDCA-73E4-10176A35BCB5}.Release|Any CPU.Build.0 = Release|Any CPU
		{DD58C15A-0D38-CB05-66E5-64FC340F6CEA}.Debug|Any CPU.ActiveCfg = Debug|Any CPU
		{DD58C15A-0D38-CB05-66E5-64FC340F6CEA}.Debug|Any CPU.Build.0 = Debug|Any CPU
		{DD58C15A-0D38-CB05-66E5-64FC340F6CEA}.Release|Any CPU.ActiveCfg = Release|Any CPU
		{DD58C15A-0D38-CB05-66E5-64FC340F6CEA}.Release|Any CPU.Build.0 = Release|Any CPU
		{652305C8-08E9-7B84-8538-2F8C708F3A98}.Debug|Any CPU.ActiveCfg = Debug|Any CPU
		{652305C8-08E9-7B84-8538-2F8C708F3A98}.Debug|Any CPU.Build.0 = Debug|Any CPU
		{652305C8-08E9-7B84-8538-2F8C708F3A98}.Release|Any CPU.ActiveCfg = Release|Any CPU
		{652305C8-08E9-7B84-8538-2F8C708F3A98}.Release|Any CPU.Build.0 = Release|Any CPU
		{A35727BC-B1F9-5773-310C-BC033DC71570}.Debug|Any CPU.ActiveCfg = Debug|Any CPU
		{A35727BC-B1F9-5773-310C-BC033DC71570}.Debug|Any CPU.Build.0 = Debug|Any CPU
		{A35727BC-B1F9-5773-310C-BC033DC71570}.Release|Any CPU.ActiveCfg = Release|Any CPU
		{A35727BC-B1F9-5773-310C-BC033DC71570}.Release|Any CPU.Build.0 = Release|Any CPU
		{A62C1AA5-C08B-A7B5-3344-964CDF1C3A52}.Debug|Any CPU.ActiveCfg = Debug|Any CPU
		{A62C1AA5-C08B-A7B5-3344-964CDF1C3A52}.Debug|Any CPU.Build.0 = Debug|Any CPU
		{A62C1AA5-C08B-A7B5-3344-964CDF1C3A52}.Release|Any CPU.ActiveCfg = Release|Any CPU
		{A62C1AA5-C08B-A7B5-3344-964CDF1C3A52}.Release|Any CPU.Build.0 = Release|Any CPU
		{7221450E-2DA2-4EEE-FC53-72F48729E05D}.Debug|Any CPU.ActiveCfg = Debug|Any CPU
		{7221450E-2DA2-4EEE-FC53-72F48729E05D}.Debug|Any CPU.Build.0 = Debug|Any CPU
		{7221450E-2DA2-4EEE-FC53-72F48729E05D}.Release|Any CPU.ActiveCfg = Release|Any CPU
		{7221450E-2DA2-4EEE-FC53-72F48729E05D}.Release|Any CPU.Build.0 = Release|Any CPU
	EndGlobalSection
	GlobalSection(SolutionProperties) = preSolution
		HideSolutionNode = FALSE
	EndGlobalSection
EndGlobal
