
Microsoft Visual Studio Solution File, Format Version 12.00
# Visual Studio 15
Project("{FAE04EC0-301F-11D3-BF4B-00C04F79EFBC}") = "UnityEngine.TestRunner", "UnityEngine.TestRunner.csproj", "{481F008A-441F-5424-BF94-ED68C48596D4}"
EndProject
Project("{FAE04EC0-301F-11D3-BF4B-00C04F79EFBC}") = "Unity.Mathematics", "Unity.Mathematics.csproj", "{45F798E8-50D4-3EFF-509B-91C001BF9AEA}"
EndProject
Project("{FAE04EC0-301F-11D3-BF4B-00C04F79EFBC}") = "Unity.2D.Animation.Triangle.Runtime", "Unity.2D.Animation.Triangle.Runtime.csproj", "{4DD77095-7EBD-5FB4-1DE2-A7140D412B9E}"
EndProject
Project("{FAE04EC0-301F-11D3-BF4B-00C04F79EFBC}") = "Unity.Timeline", "Unity.Timeline.csproj", "{B56593A4-4CD6-6F72-5524-72B67EBC2D45}"
EndProject
Project("{FAE04EC0-301F-11D3-BF4B-00C04F79EFBC}") = "UnityEngine.UI", "UnityEngine.UI.csproj", "{4C8A441C-AD34-ED1B-AACB-749B3B5F83A3}"
EndProject
Project("{FAE04EC0-301F-11D3-BF4B-00C04F79EFBC}") = "Unity.TextMeshPro", "Unity.TextMeshPro.csproj", "{C458F06D-39CB-3911-3363-7FCB59736E71}"
EndProject
Project("{FAE04EC0-301F-11D3-BF4B-00C04F79EFBC}") = "Unity.2D.Animation.Runtime", "Unity.2D.Animation.Runtime.csproj", "{9CB0FEF4-EB9F-AFDA-A99B-5DC027DA3B6C}"
EndProject
Project("{FAE04EC0-301F-11D3-BF4B-00C04F79EFBC}") = "Unity.2D.IK.Runtime", "Unity.2D.IK.Runtime.csproj", "{ED4EC569-A812-2ED2-18D5-AA9453D73647}"
EndProject
Project("{FAE04EC0-301F-11D3-BF4B-00C04F79EFBC}") = "Unity.2D.SpriteShape.Runtime", "Unity.2D.SpriteShape.Runtime.csproj", "{F8049BF7-A42D-A538-7195-37FAF11D7959}"
EndProject
Project("{FAE04EC0-301F-11D3-BF4B-00C04F79EFBC}") = "Unity.2D.PixelPerfect", "Unity.2D.PixelPerfect.csproj", "{14491871-3F32-B715-1051-F1C1FFA13EA3}"
EndProject
Project("{FAE04EC0-301F-11D3-BF4B-00C04F79EFBC}") = "Unity.2D.Common.Runtime", "Unity.2D.Common.Runtime.csproj", "{D9480298-9B48-C681-67AB-EB166F59298A}"
EndProject
Project("{FAE04EC0-301F-11D3-BF4B-00C04F79EFBC}") = "Unity.InternalAPIEngineBridge.001", "Unity.InternalAPIEngineBridge.001.csproj", "{4426D4CE-983B-AD9E-0AC7-B4C64E2D7E60}"
EndProject
Project("{FAE04EC0-301F-11D3-BF4B-00C04F79EFBC}") = "Assembly-CSharp", "Assembly-CSharp.csproj", "{E71E6952-F515-B985-79EE-7F9B6800D5F1}"
EndProject
Project("{FAE04EC0-301F-11D3-BF4B-00C04F79EFBC}") = "UnityEditor.TestRunner", "UnityEditor.TestRunner.csproj", "{AF40DB07-07BD-8082-7E89-F7469F1DA144}"
EndProject
Project("{FAE04EC0-301F-11D3-BF4B-00C04F79EFBC}") = "Unity.PlasticSCM.Editor", "Unity.PlasticSCM.Editor.csproj", "{955181B8-93B9-19A6-384F-BBF878507AF1}"
EndProject
Project("{FAE04EC0-301F-11D3-BF4B-00C04F79EFBC}") = "UnityEditor.UI", "UnityEditor.UI.csproj", "{12D46A3B-F976-88AB-7794-15937703F072}"
EndProject
Project("{FAE04EC0-301F-11D3-BF4B-00C04F79EFBC}") = "Unity.Timeline.Editor", "Unity.Timeline.Editor.csproj", "{21EBA6CC-672C-1EA4-E084-456AC8FBE0D4}"
EndProject
Project("{FAE04EC0-301F-11D3-BF4B-00C04F79EFBC}") = "Unity.VisualStudio.Editor", "Unity.VisualStudio.Editor.csproj", "{9C661789-0CA9-E869-2520-D099AB7CB33A}"
EndProject
Project("{FAE04EC0-301F-11D3-BF4B-00C04F79EFBC}") = "Unity.2D.Psdimporter.Editor", "Unity.2D.Psdimporter.Editor.csproj", "{DC84F3C9-DA3D-13BA-9942-F0ED925D0DDF}"
EndProject
Project("{FAE04EC0-301F-11D3-BF4B-00C04F79EFBC}") = "Unity.2D.Animation.Editor", "Unity.2D.Animation.Editor.csproj", "{F4579D98-5E36-E3A8-0196-D680B14FAD81}"
EndProject
Project("{FAE04EC0-301F-11D3-BF4B-00C04F79EFBC}") = "Unity.TextMeshPro.Editor", "Unity.TextMeshPro.Editor.csproj", "{530267DC-85BF-BC7C-5D38-4A3D0B15A62A}"
EndProject
Project("{FAE04EC0-301F-11D3-BF4B-00C04F79EFBC}") = "Unity.2D.SpriteShape.Editor", "Unity.2D.SpriteShape.Editor.csproj", "{7EB6B781-4F5F-A87A-B66B-2471D574A2DA}"
EndProject
Project("{FAE04EC0-301F-11D3-BF4B-00C04F79EFBC}") = "Unity.CollabProxy.Editor", "Unity.CollabProxy.Editor.csproj", "{E31D53CF-74BA-F4AB-5F7C-17DA716B0245}"
EndProject
Project("{FAE04EC0-301F-11D3-BF4B-00C04F79EFBC}") = "PsdPlugin", "PsdPlugin.csproj", "{8942BBB6-F231-35DC-4777-C2B415D77D51}"
EndProject
Project("{FAE04EC0-301F-11D3-BF4B-00C04F79EFBC}") = "Unity.2D.Path.Editor", "Unity.2D.Path.Editor.csproj", "{163D8E2D-A5F8-FA17-BF2C-FC7A0F8B2B5B}"
EndProject
Project("{FAE04EC0-301F-11D3-BF4B-00C04F79EFBC}") = "Unity.Rider.Editor", "Unity.Rider.Editor.csproj", "{F048BE79-BAB4-9A5E-EEAB-DF02E727CCB2}"
EndProject
Project("{FAE04EC0-301F-11D3-BF4B-00C04F79EFBC}") = "Unity.2D.IK.Editor", "Unity.2D.IK.Editor.csproj", "{A6760FEC-F653-DFFB-351E-72750BA3BC49}"
EndProject
Project("{FAE04EC0-301F-11D3-BF4B-00C04F79EFBC}") = "Unity.2D.Sprite.Editor", "Unity.2D.Sprite.Editor.csproj", "{476388E8-E9A0-C49C-C71F-C3EEF213FE77}"
EndProject
Project("{FAE04EC0-301F-11D3-BF4B-00C04F79EFBC}") = "Unity.2D.Tilemap.Editor", "Unity.2D.Tilemap.Editor.csproj", "{9F261B90-BBB4-F3B3-249E-4048911084B4}"
EndProject
Project("{FAE04EC0-301F-11D3-BF4B-00C04F79EFBC}") = "Unity.2D.PixelPerfect.Editor", "Unity.2D.PixelPerfect.Editor.csproj", "{6A5AD495-F14B-6B85-1E7B-6FCFAFFEB02A}"
EndProject
Project("{FAE04EC0-301F-11D3-BF4B-00C04F79EFBC}") = "Unity.VSCode.Editor", "Unity.VSCode.Editor.csproj", "{6EAD74EE-37FE-30A9-AB6D-0A33E01C1479}"
EndProject
Project("{FAE04EC0-301F-11D3-BF4B-00C04F79EFBC}") = "Unity.2D.Common.Editor", "Unity.2D.Common.Editor.csproj", "{61954261-964F-D7A3-B201-7EAFE79ACA53}"
EndProject
Project("{FAE04EC0-301F-11D3-BF4B-00C04F79EFBC}") = "Unity.Mathematics.Editor", "Unity.Mathematics.Editor.csproj", "{3B41BA97-2869-75EB-7E9F-CEF14098B442}"
EndProject
Project("{FAE04EC0-301F-11D3-BF4B-00C04F79EFBC}") = "Unity.InternalAPIEditorBridge.001", "Unity.InternalAPIEditorBridge.001.csproj", "{03363D09-8488-6596-15D5-16359AE10BC2}"
EndProject
Global
	GlobalSection(SolutionConfigurationPlatforms) = preSolution
		Debug|Any CPU = Debug|Any CPU
		Release|Any CPU = Release|Any CPU
	EndGlobalSection
	GlobalSection(ProjectConfigurationPlatforms) = postSolution
		{481F008A-441F-5424-BF94-ED68C48596D4}.Debug|Any CPU.ActiveCfg = Debug|Any CPU
		{481F008A-441F-5424-BF94-ED68C48596D4}.Debug|Any CPU.Build.0 = Debug|Any CPU
		{481F008A-441F-5424-BF94-ED68C48596D4}.Release|Any CPU.ActiveCfg = Release|Any CPU
		{481F008A-441F-5424-BF94-ED68C48596D4}.Release|Any CPU.Build.0 = Release|Any CPU
		{45F798E8-50D4-3EFF-509B-91C001BF9AEA}.Debug|Any CPU.ActiveCfg = Debug|Any CPU
		{45F798E8-50D4-3EFF-509B-91C001BF9AEA}.Debug|Any CPU.Build.0 = Debug|Any CPU
		{45F798E8-50D4-3EFF-509B-91C001BF9AEA}.Release|Any CPU.ActiveCfg = Release|Any CPU
		{45F798E8-50D4-3EFF-509B-91C001BF9AEA}.Release|Any CPU.Build.0 = Release|Any CPU
		{4DD77095-7EBD-5FB4-1DE2-A7140D412B9E}.Debug|Any CPU.ActiveCfg = Debug|Any CPU
		{4DD77095-7EBD-5FB4-1DE2-A7140D412B9E}.Debug|Any CPU.Build.0 = Debug|Any CPU
		{4DD77095-7EBD-5FB4-1DE2-A7140D412B9E}.Release|Any CPU.ActiveCfg = Release|Any CPU
		{4DD77095-7EBD-5FB4-1DE2-A7140D412B9E}.Release|Any CPU.Build.0 = Release|Any CPU
		{B56593A4-4CD6-6F72-5524-72B67EBC2D45}.Debug|Any CPU.ActiveCfg = Debug|Any CPU
		{B56593A4-4CD6-6F72-5524-72B67EBC2D45}.Debug|Any CPU.Build.0 = Debug|Any CPU
		{B56593A4-4CD6-6F72-5524-72B67EBC2D45}.Release|Any CPU.ActiveCfg = Release|Any CPU
		{B56593A4-4CD6-6F72-5524-72B67EBC2D45}.Release|Any CPU.Build.0 = Release|Any CPU
		{4C8A441C-AD34-ED1B-AACB-749B3B5F83A3}.Debug|Any CPU.ActiveCfg = Debug|Any CPU
		{4C8A441C-AD34-ED1B-AACB-749B3B5F83A3}.Debug|Any CPU.Build.0 = Debug|Any CPU
		{4C8A441C-AD34-ED1B-AACB-749B3B5F83A3}.Release|Any CPU.ActiveCfg = Release|Any CPU
		{4C8A441C-AD34-ED1B-AACB-749B3B5F83A3}.Release|Any CPU.Build.0 = Release|Any CPU
		{C458F06D-39CB-3911-3363-7FCB59736E71}.Debug|Any CPU.ActiveCfg = Debug|Any CPU
		{C458F06D-39CB-3911-3363-7FCB59736E71}.Debug|Any CPU.Build.0 = Debug|Any CPU
		{C458F06D-39CB-3911-3363-7FCB59736E71}.Release|Any CPU.ActiveCfg = Release|Any CPU
		{C458F06D-39CB-3911-3363-7FCB59736E71}.Release|Any CPU.Build.0 = Release|Any CPU
		{9CB0FEF4-EB9F-AFDA-A99B-5DC027DA3B6C}.Debug|Any CPU.ActiveCfg = Debug|Any CPU
		{9CB0FEF4-EB9F-AFDA-A99B-5DC027DA3B6C}.Debug|Any CPU.Build.0 = Debug|Any CPU
		{9CB0FEF4-EB9F-AFDA-A99B-5DC027DA3B6C}.Release|Any CPU.ActiveCfg = Release|Any CPU
		{9CB0FEF4-EB9F-AFDA-A99B-5DC027DA3B6C}.Release|Any CPU.Build.0 = Release|Any CPU
		{ED4EC569-A812-2ED2-18D5-AA9453D73647}.Debug|Any CPU.ActiveCfg = Debug|Any CPU
		{ED4EC569-A812-2ED2-18D5-AA9453D73647}.Debug|Any CPU.Build.0 = Debug|Any CPU
		{ED4EC569-A812-2ED2-18D5-AA9453D73647}.Release|Any CPU.ActiveCfg = Release|Any CPU
		{ED4EC569-A812-2ED2-18D5-AA9453D73647}.Release|Any CPU.Build.0 = Release|Any CPU
		{F8049BF7-A42D-A538-7195-37FAF11D7959}.Debug|Any CPU.ActiveCfg = Debug|Any CPU
		{F8049BF7-A42D-A538-7195-37FAF11D7959}.Debug|Any CPU.Build.0 = Debug|Any CPU
		{F8049BF7-A42D-A538-7195-37FAF11D7959}.Release|Any CPU.ActiveCfg = Release|Any CPU
		{F8049BF7-A42D-A538-7195-37FAF11D7959}.Release|Any CPU.Build.0 = Release|Any CPU
		{14491871-3F32-B715-1051-F1C1FFA13EA3}.Debug|Any CPU.ActiveCfg = Debug|Any CPU
		{14491871-3F32-B715-1051-F1C1FFA13EA3}.Debug|Any CPU.Build.0 = Debug|Any CPU
		{14491871-3F32-B715-1051-F1C1FFA13EA3}.Release|Any CPU.ActiveCfg = Release|Any CPU
		{14491871-3F32-B715-1051-F1C1FFA13EA3}.Release|Any CPU.Build.0 = Release|Any CPU
		{D9480298-9B48-C681-67AB-EB166F59298A}.Debug|Any CPU.ActiveCfg = Debug|Any CPU
		{D9480298-9B48-C681-67AB-EB166F59298A}.Debug|Any CPU.Build.0 = Debug|Any CPU
		{D9480298-9B48-C681-67AB-EB166F59298A}.Release|Any CPU.ActiveCfg = Release|Any CPU
		{D9480298-9B48-C681-67AB-EB166F59298A}.Release|Any CPU.Build.0 = Release|Any CPU
		{4426D4CE-983B-AD9E-0AC7-B4C64E2D7E60}.Debug|Any CPU.ActiveCfg = Debug|Any CPU
		{4426D4CE-983B-AD9E-0AC7-B4C64E2D7E60}.Debug|Any CPU.Build.0 = Debug|Any CPU
		{4426D4CE-983B-AD9E-0AC7-B4C64E2D7E60}.Release|Any CPU.ActiveCfg = Release|Any CPU
		{4426D4CE-983B-AD9E-0AC7-B4C64E2D7E60}.Release|Any CPU.Build.0 = Release|Any CPU
		{E71E6952-F515-B985-79EE-7F9B6800D5F1}.Debug|Any CPU.ActiveCfg = Debug|Any CPU
		{E71E6952-F515-B985-79EE-7F9B6800D5F1}.Debug|Any CPU.Build.0 = Debug|Any CPU
		{E71E6952-F515-B985-79EE-7F9B6800D5F1}.Release|Any CPU.ActiveCfg = Release|Any CPU
		{E71E6952-F515-B985-79EE-7F9B6800D5F1}.Release|Any CPU.Build.0 = Release|Any CPU
		{AF40DB07-07BD-8082-7E89-F7469F1DA144}.Debug|Any CPU.ActiveCfg = Debug|Any CPU
		{AF40DB07-07BD-8082-7E89-F7469F1DA144}.Debug|Any CPU.Build.0 = Debug|Any CPU
		{AF40DB07-07BD-8082-7E89-F7469F1DA144}.Release|Any CPU.ActiveCfg = Release|Any CPU
		{AF40DB07-07BD-8082-7E89-F7469F1DA144}.Release|Any CPU.Build.0 = Release|Any CPU
		{955181B8-93B9-19A6-384F-BBF878507AF1}.Debug|Any CPU.ActiveCfg = Debug|Any CPU
		{955181B8-93B9-19A6-384F-BBF878507AF1}.Debug|Any CPU.Build.0 = Debug|Any CPU
		{955181B8-93B9-19A6-384F-BBF878507AF1}.Release|Any CPU.ActiveCfg = Release|Any CPU
		{955181B8-93B9-19A6-384F-BBF878507AF1}.Release|Any CPU.Build.0 = Release|Any CPU
		{12D46A3B-F976-88AB-7794-15937703F072}.Debug|Any CPU.ActiveCfg = Debug|Any CPU
		{12D46A3B-F976-88AB-7794-15937703F072}.Debug|Any CPU.Build.0 = Debug|Any CPU
		{12D46A3B-F976-88AB-7794-15937703F072}.Release|Any CPU.ActiveCfg = Release|Any CPU
		{12D46A3B-F976-88AB-7794-15937703F072}.Release|Any CPU.Build.0 = Release|Any CPU
		{21EBA6CC-672C-1EA4-E084-456AC8FBE0D4}.Debug|Any CPU.ActiveCfg = Debug|Any CPU
		{21EBA6CC-672C-1EA4-E084-456AC8FBE0D4}.Debug|Any CPU.Build.0 = Debug|Any CPU
		{21EBA6CC-672C-1EA4-E084-456AC8FBE0D4}.Release|Any CPU.ActiveCfg = Release|Any CPU
		{21EBA6CC-672C-1EA4-E084-456AC8FBE0D4}.Release|Any CPU.Build.0 = Release|Any CPU
		{9C661789-0CA9-E869-2520-D099AB7CB33A}.Debug|Any CPU.ActiveCfg = Debug|Any CPU
		{9C661789-0CA9-E869-2520-D099AB7CB33A}.Debug|Any CPU.Build.0 = Debug|Any CPU
		{9C661789-0CA9-E869-2520-D099AB7CB33A}.Release|Any CPU.ActiveCfg = Release|Any CPU
		{9C661789-0CA9-E869-2520-D099AB7CB33A}.Release|Any CPU.Build.0 = Release|Any CPU
		{DC84F3C9-DA3D-13BA-9942-F0ED925D0DDF}.Debug|Any CPU.ActiveCfg = Debug|Any CPU
		{DC84F3C9-DA3D-13BA-9942-F0ED925D0DDF}.Debug|Any CPU.Build.0 = Debug|Any CPU
		{DC84F3C9-DA3D-13BA-9942-F0ED925D0DDF}.Release|Any CPU.ActiveCfg = Release|Any CPU
		{DC84F3C9-DA3D-13BA-9942-F0ED925D0DDF}.Release|Any CPU.Build.0 = Release|Any CPU
		{F4579D98-5E36-E3A8-0196-D680B14FAD81}.Debug|Any CPU.ActiveCfg = Debug|Any CPU
		{F4579D98-5E36-E3A8-0196-D680B14FAD81}.Debug|Any CPU.Build.0 = Debug|Any CPU
		{F4579D98-5E36-E3A8-0196-D680B14FAD81}.Release|Any CPU.ActiveCfg = Release|Any CPU
		{F4579D98-5E36-E3A8-0196-D680B14FAD81}.Release|Any CPU.Build.0 = Release|Any CPU
		{530267DC-85BF-BC7C-5D38-4A3D0B15A62A}.Debug|Any CPU.ActiveCfg = Debug|Any CPU
		{530267DC-85BF-BC7C-5D38-4A3D0B15A62A}.Debug|Any CPU.Build.0 = Debug|Any CPU
		{530267DC-85BF-BC7C-5D38-4A3D0B15A62A}.Release|Any CPU.ActiveCfg = Release|Any CPU
		{530267DC-85BF-BC7C-5D38-4A3D0B15A62A}.Release|Any CPU.Build.0 = Release|Any CPU
		{7EB6B781-4F5F-A87A-B66B-2471D574A2DA}.Debug|Any CPU.ActiveCfg = Debug|Any CPU
		{7EB6B781-4F5F-A87A-B66B-2471D574A2DA}.Debug|Any CPU.Build.0 = Debug|Any CPU
		{7EB6B781-4F5F-A87A-B66B-2471D574A2DA}.Release|Any CPU.ActiveCfg = Release|Any CPU
		{7EB6B781-4F5F-A87A-B66B-2471D574A2DA}.Release|Any CPU.Build.0 = Release|Any CPU
		{E31D53CF-74BA-F4AB-5F7C-17DA716B0245}.Debug|Any CPU.ActiveCfg = Debug|Any CPU
		{E31D53CF-74BA-F4AB-5F7C-17DA716B0245}.Debug|Any CPU.Build.0 = Debug|Any CPU
		{E31D53CF-74BA-F4AB-5F7C-17DA716B0245}.Release|Any CPU.ActiveCfg = Release|Any CPU
		{E31D53CF-74BA-F4AB-5F7C-17DA716B0245}.Release|Any CPU.Build.0 = Release|Any CPU
		{8942BBB6-F231-35DC-4777-C2B415D77D51}.Debug|Any CPU.ActiveCfg = Debug|Any CPU
		{8942BBB6-F231-35DC-4777-C2B415D77D51}.Debug|Any CPU.Build.0 = Debug|Any CPU
		{8942BBB6-F231-35DC-4777-C2B415D77D51}.Release|Any CPU.ActiveCfg = Release|Any CPU
		{8942BBB6-F231-35DC-4777-C2B415D77D51}.Release|Any CPU.Build.0 = Release|Any CPU
		{163D8E2D-A5F8-FA17-BF2C-FC7A0F8B2B5B}.Debug|Any CPU.ActiveCfg = Debug|Any CPU
		{163D8E2D-A5F8-FA17-BF2C-FC7A0F8B2B5B}.Debug|Any CPU.Build.0 = Debug|Any CPU
		{163D8E2D-A5F8-FA17-BF2C-FC7A0F8B2B5B}.Release|Any CPU.ActiveCfg = Release|Any CPU
		{163D8E2D-A5F8-FA17-BF2C-FC7A0F8B2B5B}.Release|Any CPU.Build.0 = Release|Any CPU
		{F048BE79-BAB4-9A5E-EEAB-DF02E727CCB2}.Debug|Any CPU.ActiveCfg = Debug|Any CPU
		{F048BE79-BAB4-9A5E-EEAB-DF02E727CCB2}.Debug|Any CPU.Build.0 = Debug|Any CPU
		{F048BE79-BAB4-9A5E-EEAB-DF02E727CCB2}.Release|Any CPU.ActiveCfg = Release|Any CPU
		{F048BE79-BAB4-9A5E-EEAB-DF02E727CCB2}.Release|Any CPU.Build.0 = Release|Any CPU
		{A6760FEC-F653-DFFB-351E-72750BA3BC49}.Debug|Any CPU.ActiveCfg = Debug|Any CPU
		{A6760FEC-F653-DFFB-351E-72750BA3BC49}.Debug|Any CPU.Build.0 = Debug|Any CPU
		{A6760FEC-F653-DFFB-351E-72750BA3BC49}.Release|Any CPU.ActiveCfg = Release|Any CPU
		{A6760FEC-F653-DFFB-351E-72750BA3BC49}.Release|Any CPU.Build.0 = Release|Any CPU
		{476388E8-E9A0-C49C-C71F-C3EEF213FE77}.Debug|Any CPU.ActiveCfg = Debug|Any CPU
		{476388E8-E9A0-C49C-C71F-C3EEF213FE77}.Debug|Any CPU.Build.0 = Debug|Any CPU
		{476388E8-E9A0-C49C-C71F-C3EEF213FE77}.Release|Any CPU.ActiveCfg = Release|Any CPU
		{476388E8-E9A0-C49C-C71F-C3EEF213FE77}.Release|Any CPU.Build.0 = Release|Any CPU
		{9F261B90-BBB4-F3B3-249E-4048911084B4}.Debug|Any CPU.ActiveCfg = Debug|Any CPU
		{9F261B90-BBB4-F3B3-249E-4048911084B4}.Debug|Any CPU.Build.0 = Debug|Any CPU
		{9F261B90-BBB4-F3B3-249E-4048911084B4}.Release|Any CPU.ActiveCfg = Release|Any CPU
		{9F261B90-BBB4-F3B3-249E-4048911084B4}.Release|Any CPU.Build.0 = Release|Any CPU
		{6A5AD495-F14B-6B85-1E7B-6FCFAFFEB02A}.Debug|Any CPU.ActiveCfg = Debug|Any CPU
		{6A5AD495-F14B-6B85-1E7B-6FCFAFFEB02A}.Debug|Any CPU.Build.0 = Debug|Any CPU
		{6A5AD495-F14B-6B85-1E7B-6FCFAFFEB02A}.Release|Any CPU.ActiveCfg = Release|Any CPU
		{6A5AD495-F14B-6B85-1E7B-6FCFAFFEB02A}.Release|Any CPU.Build.0 = Release|Any CPU
		{6EAD74EE-37FE-30A9-AB6D-0A33E01C1479}.Debug|Any CPU.ActiveCfg = Debug|Any CPU
		{6EAD74EE-37FE-30A9-AB6D-0A33E01C1479}.Debug|Any CPU.Build.0 = Debug|Any CPU
		{6EAD74EE-37FE-30A9-AB6D-0A33E01C1479}.Release|Any CPU.ActiveCfg = Release|Any CPU
		{6EAD74EE-37FE-30A9-AB6D-0A33E01C1479}.Release|Any CPU.Build.0 = Release|Any CPU
		{61954261-964F-D7A3-B201-7EAFE79ACA53}.Debug|Any CPU.ActiveCfg = Debug|Any CPU
		{61954261-964F-D7A3-B201-7EAFE79ACA53}.Debug|Any CPU.Build.0 = Debug|Any CPU
		{61954261-964F-D7A3-B201-7EAFE79ACA53}.Release|Any CPU.ActiveCfg = Release|Any CPU
		{61954261-964F-D7A3-B201-7EAFE79ACA53}.Release|Any CPU.Build.0 = Release|Any CPU
		{3B41BA97-2869-75EB-7E9F-CEF14098B442}.Debug|Any CPU.ActiveCfg = Debug|Any CPU
		{3B41BA97-2869-75EB-7E9F-CEF14098B442}.Debug|Any CPU.Build.0 = Debug|Any CPU
		{3B41BA97-2869-75EB-7E9F-CEF14098B442}.Release|Any CPU.ActiveCfg = Release|Any CPU
		{3B41BA97-2869-75EB-7E9F-CEF14098B442}.Release|Any CPU.Build.0 = Release|Any CPU
		{03363D09-8488-6596-15D5-16359AE10BC2}.Debug|Any CPU.ActiveCfg = Debug|Any CPU
		{03363D09-8488-6596-15D5-16359AE10BC2}.Debug|Any CPU.Build.0 = Debug|Any CPU
		{03363D09-8488-6596-15D5-16359AE10BC2}.Release|Any CPU.ActiveCfg = Release|Any CPU
		{03363D09-8488-6596-15D5-16359AE10BC2}.Release|Any CPU.Build.0 = Release|Any CPU
	EndGlobalSection
	GlobalSection(SolutionProperties) = preSolution
		HideSolutionNode = FALSE
	EndGlobalSection
EndGlobal
